
Microsoft Visual Studio Solution File, Format Version 12.00
# Visual Studio Version 17
VisualStudioVersion = 17.2.32526.322
MinimumVisualStudioVersion = 10.0.40219.1
Project("{FAE04EC0-301F-11D3-BF4B-00C04F79EFBC}") = "MVCResume", "MVCResume\MVCResume.csproj", "{C6DC2B70-3075-4217-9197-817CEA2CFAAB}"
EndProject
Global
	GlobalSection(SolutionConfigurationPlatforms) = preSolution
		Debug|Any CPU = Debug|Any CPU
		Release|Any CPU = Release|Any CPU
	EndGlobalSection
	GlobalSection(ProjectConfigurationPlatforms) = postSolution
		{C6DC2B70-3075-4217-9197-817CEA2CFAAB}.Debug|Any CPU.ActiveCfg = Debug|Any CPU
		{C6DC2B70-3075-4217-9197-817CEA2CFAAB}.Debug|Any CPU.Build.0 = Debug|Any CPU
		{C6DC2B70-3075-4217-9197-817CEA2CFAAB}.Release|Any CPU.ActiveCfg = Release|Any CPU
		{C6DC2B70-3075-4217-9197-817CEA2CFAAB}.Release|Any CPU.Build.0 = Release|Any CPU
	EndGlobalSection
	GlobalSection(SolutionProperties) = preSolution
		HideSolutionNode = FALSE
	EndGlobalSection
	GlobalSection(ExtensibilityGlobals) = postSolution
		SolutionGuid = {5650B35A-065C-43D7-99AE-577561FF1F7A}
	EndGlobalSection
EndGlobal
